
Microsoft Visual Studio Solution File, Format Version 12.00
# Visual Studio Version 16
VisualStudioVersion = 16.0.30804.86
MinimumVisualStudioVersion = 10.0.40219.1
Project("{9A19103F-16F7-4668-BE54-9A1E7A4F7556}") = "Library.Common", "Source\Library\Library.Common\Library.Common.csproj", "{DC04B461-2A77-4158-96C2-7B15534E7B98}"
EndProject
Project("{2150E333-8FDC-42A3-9474-1A3956D46DE8}") = "Tests", "Tests", "{4E4844FA-F44E-4CF1-B77E-47224DC8443D}"
EndProject
Project("{2150E333-8FDC-42A3-9474-1A3956D46DE8}") = "Solution Items", "Solution Items", "{CAA19C78-EBE8-44C7-A623-248BA0E564C7}"
	ProjectSection(SolutionItems) = preProject
		.editorconfig = .editorconfig
	EndProjectSection
EndProject
Project("{9A19103F-16F7-4668-BE54-9A1E7A4F7556}") = "Library.Common.Tests", "Source\Library\Library.Common.Tests\Library.Common.Tests.csproj", "{7A312E7E-532B-4DE9-B98F-0853122168A1}"
EndProject
Project("{9A19103F-16F7-4668-BE54-9A1E7A4F7556}") = "Tests.Common", "Source\Library\Tests.Common\Tests.Common.csproj", "{ED8FA800-51A9-41BE-8D39-BF08EDE6B86C}"
EndProject
Project("{9A19103F-16F7-4668-BE54-9A1E7A4F7556}") = "Library.Common.SourceGenerators", "Source\Library\Library.Common.SourceGenerators\Library.Common.SourceGenerators.csproj", "{0682B873-449E-4FFF-AD42-35D42F8B11B0}"
EndProject
Project("{9A19103F-16F7-4668-BE54-9A1E7A4F7556}") = "Library.Common.SourceGenerators.TestConsole", "Source\Library\Library.Common.SourceGenerators.TestConsole\Library.Common.SourceGenerators.TestConsole.csproj", "{67C7B884-0C61-46D2-9BE7-FDBA45C208DE}"
EndProject
Project("{2150E333-8FDC-42A3-9474-1A3956D46DE8}") = "Identity", "Identity", "{BD19C995-5713-42CD-A439-BEA88D46C48E}"
EndProject
Project("{9A19103F-16F7-4668-BE54-9A1E7A4F7556}") = "Identity.Core", "Source\Identity\Identity.Core\Identity.Core.csproj", "{8F72CD69-3EFC-451B-A5BA-5B316A5C946C}"
EndProject
Project("{9A19103F-16F7-4668-BE54-9A1E7A4F7556}") = "Identity.Application", "Source\Identity\Identity.Application\Identity.Application.csproj", "{212BFB38-7C8B-463F-BFEE-7A0E7B6E42C9}"
EndProject
Project("{9A19103F-16F7-4668-BE54-9A1E7A4F7556}") = "Identity.Core.PostgreSql", "Source\Identity\Identity.Core.PostgreSql\Identity.Core.PostgreSql.csproj", "{D2E569ED-68CB-4570-A178-891087A16DB8}"
EndProject
Project("{9A19103F-16F7-4668-BE54-9A1E7A4F7556}") = "Identity.ResourceManager", "Source\Identity\Identity.ResourceManager\Identity.ResourceManager.csproj", "{9A0E061B-107A-4692-BD98-6203AC4F9102}"
EndProject
Project("{9A19103F-16F7-4668-BE54-9A1E7A4F7556}") = "Library.Logging", "Source\Library.Logging\Library.Logging.csproj", "{56329BB6-8618-467C-BFC9-51ECE6D61D1C}"
EndProject
Project("{FAE04EC0-301F-11D3-BF4B-00C04F79EFBC}") = "Identity.Infrastructure", "Source\Identity\Identity.Infrastructure\Identity.Infrastructure.csproj", "{F2859C58-92A8-452F-B68C-044F720FA08E}"
EndProject
Global
	GlobalSection(SolutionConfigurationPlatforms) = preSolution
		Debug|Any CPU = Debug|Any CPU
		Release|Any CPU = Release|Any CPU
	EndGlobalSection
	GlobalSection(ProjectConfigurationPlatforms) = postSolution
		{DC04B461-2A77-4158-96C2-7B15534E7B98}.Debug|Any CPU.ActiveCfg = Debug|Any CPU
		{DC04B461-2A77-4158-96C2-7B15534E7B98}.Debug|Any CPU.Build.0 = Debug|Any CPU
		{DC04B461-2A77-4158-96C2-7B15534E7B98}.Release|Any CPU.ActiveCfg = Release|Any CPU
		{DC04B461-2A77-4158-96C2-7B15534E7B98}.Release|Any CPU.Build.0 = Release|Any CPU
		{7A312E7E-532B-4DE9-B98F-0853122168A1}.Debug|Any CPU.ActiveCfg = Debug|Any CPU
		{7A312E7E-532B-4DE9-B98F-0853122168A1}.Debug|Any CPU.Build.0 = Debug|Any CPU
		{7A312E7E-532B-4DE9-B98F-0853122168A1}.Release|Any CPU.ActiveCfg = Release|Any CPU
		{7A312E7E-532B-4DE9-B98F-0853122168A1}.Release|Any CPU.Build.0 = Release|Any CPU
		{ED8FA800-51A9-41BE-8D39-BF08EDE6B86C}.Debug|Any CPU.ActiveCfg = Debug|Any CPU
		{ED8FA800-51A9-41BE-8D39-BF08EDE6B86C}.Debug|Any CPU.Build.0 = Debug|Any CPU
		{ED8FA800-51A9-41BE-8D39-BF08EDE6B86C}.Release|Any CPU.ActiveCfg = Release|Any CPU
		{ED8FA800-51A9-41BE-8D39-BF08EDE6B86C}.Release|Any CPU.Build.0 = Release|Any CPU
		{0682B873-449E-4FFF-AD42-35D42F8B11B0}.Debug|Any CPU.ActiveCfg = Debug|Any CPU
		{0682B873-449E-4FFF-AD42-35D42F8B11B0}.Debug|Any CPU.Build.0 = Debug|Any CPU
		{0682B873-449E-4FFF-AD42-35D42F8B11B0}.Release|Any CPU.ActiveCfg = Release|Any CPU
		{0682B873-449E-4FFF-AD42-35D42F8B11B0}.Release|Any CPU.Build.0 = Release|Any CPU
		{67C7B884-0C61-46D2-9BE7-FDBA45C208DE}.Debug|Any CPU.ActiveCfg = Debug|Any CPU
		{67C7B884-0C61-46D2-9BE7-FDBA45C208DE}.Debug|Any CPU.Build.0 = Debug|Any CPU
		{67C7B884-0C61-46D2-9BE7-FDBA45C208DE}.Release|Any CPU.ActiveCfg = Release|Any CPU
		{67C7B884-0C61-46D2-9BE7-FDBA45C208DE}.Release|Any CPU.Build.0 = Release|Any CPU
		{8F72CD69-3EFC-451B-A5BA-5B316A5C946C}.Debug|Any CPU.ActiveCfg = Debug|Any CPU
		{8F72CD69-3EFC-451B-A5BA-5B316A5C946C}.Debug|Any CPU.Build.0 = Debug|Any CPU
		{8F72CD69-3EFC-451B-A5BA-5B316A5C946C}.Release|Any CPU.ActiveCfg = Release|Any CPU
		{8F72CD69-3EFC-451B-A5BA-5B316A5C946C}.Release|Any CPU.Build.0 = Release|Any CPU
		{212BFB38-7C8B-463F-BFEE-7A0E7B6E42C9}.Debug|Any CPU.ActiveCfg = Debug|Any CPU
		{212BFB38-7C8B-463F-BFEE-7A0E7B6E42C9}.Debug|Any CPU.Build.0 = Debug|Any CPU
		{212BFB38-7C8B-463F-BFEE-7A0E7B6E42C9}.Release|Any CPU.ActiveCfg = Release|Any CPU
		{212BFB38-7C8B-463F-BFEE-7A0E7B6E42C9}.Release|Any CPU.Build.0 = Release|Any CPU
		{D2E569ED-68CB-4570-A178-891087A16DB8}.Debug|Any CPU.ActiveCfg = Debug|Any CPU
		{D2E569ED-68CB-4570-A178-891087A16DB8}.Debug|Any CPU.Build.0 = Debug|Any CPU
		{D2E569ED-68CB-4570-A178-891087A16DB8}.Release|Any CPU.ActiveCfg = Release|Any CPU
		{D2E569ED-68CB-4570-A178-891087A16DB8}.Release|Any CPU.Build.0 = Release|Any CPU
		{9A0E061B-107A-4692-BD98-6203AC4F9102}.Debug|Any CPU.ActiveCfg = Debug|Any CPU
		{9A0E061B-107A-4692-BD98-6203AC4F9102}.Debug|Any CPU.Build.0 = Debug|Any CPU
		{9A0E061B-107A-4692-BD98-6203AC4F9102}.Release|Any CPU.ActiveCfg = Release|Any CPU
		{9A0E061B-107A-4692-BD98-6203AC4F9102}.Release|Any CPU.Build.0 = Release|Any CPU
		{56329BB6-8618-467C-BFC9-51ECE6D61D1C}.Debug|Any CPU.ActiveCfg = Debug|Any CPU
		{56329BB6-8618-467C-BFC9-51ECE6D61D1C}.Debug|Any CPU.Build.0 = Debug|Any CPU
		{56329BB6-8618-467C-BFC9-51ECE6D61D1C}.Release|Any CPU.ActiveCfg = Release|Any CPU
		{56329BB6-8618-467C-BFC9-51ECE6D61D1C}.Release|Any CPU.Build.0 = Release|Any CPU
		{F2859C58-92A8-452F-B68C-044F720FA08E}.Debug|Any CPU.ActiveCfg = Debug|Any CPU
		{F2859C58-92A8-452F-B68C-044F720FA08E}.Debug|Any CPU.Build.0 = Debug|Any CPU
		{F2859C58-92A8-452F-B68C-044F720FA08E}.Release|Any CPU.ActiveCfg = Release|Any CPU
		{F2859C58-92A8-452F-B68C-044F720FA08E}.Release|Any CPU.Build.0 = Release|Any CPU
	EndGlobalSection
	GlobalSection(SolutionProperties) = preSolution
		HideSolutionNode = FALSE
	EndGlobalSection
	GlobalSection(NestedProjects) = preSolution
		{7A312E7E-532B-4DE9-B98F-0853122168A1} = {4E4844FA-F44E-4CF1-B77E-47224DC8443D}
		{ED8FA800-51A9-41BE-8D39-BF08EDE6B86C} = {4E4844FA-F44E-4CF1-B77E-47224DC8443D}
		{8F72CD69-3EFC-451B-A5BA-5B316A5C946C} = {BD19C995-5713-42CD-A439-BEA88D46C48E}
		{212BFB38-7C8B-463F-BFEE-7A0E7B6E42C9} = {BD19C995-5713-42CD-A439-BEA88D46C48E}
		{D2E569ED-68CB-4570-A178-891087A16DB8} = {BD19C995-5713-42CD-A439-BEA88D46C48E}
		{9A0E061B-107A-4692-BD98-6203AC4F9102} = {BD19C995-5713-42CD-A439-BEA88D46C48E}
		{F2859C58-92A8-452F-B68C-044F720FA08E} = {BD19C995-5713-42CD-A439-BEA88D46C48E}
	EndGlobalSection
	GlobalSection(ExtensibilityGlobals) = postSolution
		SolutionGuid = {3AE469B7-0CA0-4F7A-AB9D-5821CB6B1F37}
	EndGlobalSection
EndGlobal
